
Microsoft Visual Studio Solution File, Format Version 12.00
# Visual Studio Version 16
VisualStudioVersion = 16.0.30907.101
MinimumVisualStudioVersion = 10.0.40219.1
Project("{9A19103F-16F7-4668-BE54-9A1E7A4F7556}") = "Business", "Business.csproj", "{DD845128-603A-4BED-90B4-38386A83B6EC}"
EndProject
Global
	GlobalSection(SolutionConfigurationPlatforms) = preSolution
		Debug|Any CPU = Debug|Any CPU
		Release|Any CPU = Release|Any CPU
	EndGlobalSection
	GlobalSection(ProjectConfigurationPlatforms) = postSolution
		{DD845128-603A-4BED-90B4-38386A83B6EC}.Debug|Any CPU.ActiveCfg = Debug|Any CPU
		{DD845128-603A-4BED-90B4-38386A83B6EC}.Debug|Any CPU.Build.0 = Debug|Any CPU
		{DD845128-603A-4BED-90B4-38386A83B6EC}.Release|Any CPU.ActiveCfg = Release|Any CPU
		{DD845128-603A-4BED-90B4-38386A83B6EC}.Release|Any CPU.Build.0 = Release|Any CPU
	EndGlobalSection
	GlobalSection(SolutionProperties) = preSolution
		HideSolutionNode = FALSE
	EndGlobalSection
	GlobalSection(ExtensibilityGlobals) = postSolution
		SolutionGuid = {ED57B6DD-FB10-4A6F-A6F5-FBBE035A3F38}
	EndGlobalSection
EndGlobal
